
Microsoft Visual Studio Solution File, Format Version 12.00
# Visual Studio 15
VisualStudioVersion = 15.0.27130.2024
MinimumVisualStudioVersion = 10.0.40219.1
Project("{8BC9CEB8-8B4A-11D0-8D11-00A0C91BC942}") = "opencv-test", "opencv-test\opencv-test.vcxproj", "{8158EB92-2079-492E-9FBB-9DD0A6B1CD7E}"
EndProject
Global
	GlobalSection(SolutionConfigurationPlatforms) = preSolution
		Debug|x64 = Debug|x64
		Debug|x86 = Debug|x86
		Release|x64 = Release|x64
		Release|x86 = Release|x86
	EndGlobalSection
	GlobalSection(ProjectConfigurationPlatforms) = postSolution
		{8158EB92-2079-492E-9FBB-9DD0A6B1CD7E}.Debug|x64.ActiveCfg = Debug|x64
		{8158EB92-2079-492E-9FBB-9DD0A6B1CD7E}.Debug|x64.Build.0 = Debug|x64
		{8158EB92-2079-492E-9FBB-9DD0A6B1CD7E}.Debug|x86.ActiveCfg = Debug|Win32
		{8158EB92-2079-492E-9FBB-9DD0A6B1CD7E}.Debug|x86.Build.0 = Debug|Win32
		{8158EB92-2079-492E-9FBB-9DD0A6B1CD7E}.Release|x64.ActiveCfg = Release|x64
		{8158EB92-2079-492E-9FBB-9DD0A6B1CD7E}.Release|x64.Build.0 = Release|x64
		{8158EB92-2079-492E-9FBB-9DD0A6B1CD7E}.Release|x86.ActiveCfg = Release|Win32
		{8158EB92-2079-492E-9FBB-9DD0A6B1CD7E}.Release|x86.Build.0 = Release|Win32
	EndGlobalSection
	GlobalSection(SolutionProperties) = preSolution
		HideSolutionNode = FALSE
	EndGlobalSection
	GlobalSection(ExtensibilityGlobals) = postSolution
		SolutionGuid = {CAA0EAD5-7B73-47C5-BCF2-CB5C97D778C3}
	EndGlobalSection
EndGlobal
